// !$*UTF8*$!
{
	archiveVersion = 1;
	classes = {
	};
	objectVersion = 77;
	objects = {

/* Begin PBXBuildFile section */
		D15DD1882D7181100095C4A2 /* SnapKit in Frameworks */ = {isa = PBXBuildFile; productRef = D15DD1872D7181100095C4A2 /* SnapKit */; };
		D15DD18D2D7181410095C4A2 /* CombineMoya in Frameworks */ = {isa = PBXBuildFile; productRef = D15DD18C2D7181410095C4A2 /* CombineMoya */; };
		D15DD18F2D7181410095C4A2 /* Moya in Frameworks */ = {isa = PBXBuildFile; productRef = D15DD18E2D7181410095C4A2 /* Moya */; };
		D15DD1912D7181410095C4A2 /* ReactiveMoya in Frameworks */ = {isa = PBXBuildFile; productRef = D15DD1902D7181410095C4A2 /* ReactiveMoya */; };
		D15DD1932D7181410095C4A2 /* RxMoya in Frameworks */ = {isa = PBXBuildFile; productRef = D15DD1922D7181410095C4A2 /* RxMoya */; };
		D15DD1962D7181620095C4A2 /* Kingfisher in Frameworks */ = {isa = PBXBuildFile; productRef = D15DD1952D7181620095C4A2 /* Kingfisher */; };
/* End PBXBuildFile section */

/* Begin PBXFileReference section */
		D15DD1672D717E6B0095C4A2 /* EST_MovieGallery.app */ = {isa = PBXFileReference; explicitFileType = wrapper.application; includeInIndex = 0; path = EST_MovieGallery.app; sourceTree = BUILT_PRODUCTS_DIR; };
/* End PBXFileReference section */

/* Begin PBXFileSystemSynchronizedRootGroup section */
		D15DD1692D717E6B0095C4A2 /* EST_MovieGallery */ = {
			isa = PBXFileSystemSynchronizedRootGroup;
			path = EST_MovieGallery;
			sourceTree = "<group>";
		};
/* End PBXFileSystemSynchronizedRootGroup section */

/* Begin PBXFrameworksBuildPhase section */
		D15DD1642D717E6B0095C4A2 /* Frameworks */ = {
			isa = PBXFrameworksBuildPhase;
			buildActionMask = 2147483647;
			files = (
				D15DD1932D7181410095C4A2 /* RxMoya in Frameworks */,
				D15DD1882D7181100095C4A2 /* SnapKit in Frameworks */,
				D15DD1962D7181620095C4A2 /* Kingfisher in Frameworks */,
				D15DD18F2D7181410095C4A2 /* Moya in Frameworks */,
				D15DD1912D7181410095C4A2 /* ReactiveMoya in Frameworks */,
				D15DD18D2D7181410095C4A2 /* CombineMoya in Frameworks */,
			);
			runOnlyForDeploymentPostprocessing = 0;
		};
/* End PBXFrameworksBuildPhase section */

/* Begin PBXGroup section */
		D15DD15E2D717E6B0095C4A2 = {
			isa = PBXGroup;
			children = (
				D15DD1692D717E6B0095C4A2 /* EST_MovieGallery */,
				D15DD1682D717E6B0095C4A2 /* Products */,
			);
			sourceTree = "<group>";
		};
		D15DD1682D717E6B0095C4A2 /* Products */ = {
			isa = PBXGroup;
			children = (
				D15DD1672D717E6B0095C4A2 /* EST_MovieGallery.app */,
			);
			name = Products;
			sourceTree = "<group>";
		};
/* End PBXGroup section */

/* Begin PBXNativeTarget section */
		D15DD1662D717E6B0095C4A2 /* EST_MovieGallery */ = {
			isa = PBXNativeTarget;
			buildConfigurationList = D15DD17A2D717E6C0095C4A2 /* Build configuration list for PBXNativeTarget "EST_MovieGallery" */;
			buildPhases = (
				D15DD1632D717E6B0095C4A2 /* Sources */,
				D15DD1642D717E6B0095C4A2 /* Frameworks */,
				D15DD1652D717E6B0095C4A2 /* Resources */,
			);
			buildRules = (
			);
			dependencies = (
			);
			fileSystemSynchronizedGroups = (
				D15DD1692D717E6B0095C4A2 /* EST_MovieGallery */,
			);
			name = EST_MovieGallery;
			packageProductDependencies = (
				D15DD1872D7181100095C4A2 /* SnapKit */,
				D15DD1892D7181100095C4A2 /* SnapKit-Dynamic */,
				D15DD18C2D7181410095C4A2 /* CombineMoya */,
				D15DD18E2D7181410095C4A2 /* Moya */,
				D15DD1902D7181410095C4A2 /* ReactiveMoya */,
				D15DD1922D7181410095C4A2 /* RxMoya */,
				D15DD1952D7181620095C4A2 /* Kingfisher */,
			);
			productName = EST_MovieGallery;
			productReference = D15DD1672D717E6B0095C4A2 /* EST_MovieGallery.app */;
			productType = "com.apple.product-type.application";
		};
/* End PBXNativeTarget section */

/* Begin PBXProject section */
		D15DD15F2D717E6B0095C4A2 /* Project object */ = {
			isa = PBXProject;
			attributes = {
				BuildIndependentTargetsInParallel = 1;
				LastSwiftUpdateCheck = 1620;
				LastUpgradeCheck = 1620;
				TargetAttributes = {
					D15DD1662D717E6B0095C4A2 = {
						CreatedOnToolsVersion = 16.2;
					};
				};
			};
			buildConfigurationList = D15DD1622D717E6B0095C4A2 /* Build configuration list for PBXProject "EST_MovieGallery" */;
			developmentRegion = en;
			hasScannedForEncodings = 0;
			knownRegions = (
				en,
				Base,
			);
			mainGroup = D15DD15E2D717E6B0095C4A2;
			minimizedProjectReferenceProxies = 1;
			packageReferences = (
				D15DD1862D7181100095C4A2 /* XCRemoteSwiftPackageReference "SnapKit" */,
				D15DD18B2D7181410095C4A2 /* XCRemoteSwiftPackageReference "Moya" */,
				D15DD1942D7181620095C4A2 /* XCRemoteSwiftPackageReference "Kingfisher" */,
			);
			preferredProjectObjectVersion = 77;
			productRefGroup = D15DD1682D717E6B0095C4A2 /* Products */;
			projectDirPath = "";
			projectRoot = "";
			targets = (
				D15DD1662D717E6B0095C4A2 /* EST_MovieGallery */,
			);
		};
/* End PBXProject section */

/* Begin PBXResourcesBuildPhase section */
		D15DD1652D717E6B0095C4A2 /* Resources */ = {
			isa = PBXResourcesBuildPhase;
			buildActionMask = 2147483647;
			files = (
			);
			runOnlyForDeploymentPostprocessing = 0;
		};
/* End PBXResourcesBuildPhase section */

/* Begin PBXSourcesBuildPhase section */
		D15DD1632D717E6B0095C4A2 /* Sources */ = {
			isa = PBXSourcesBuildPhase;
			buildActionMask = 2147483647;
			files = (
			);
			runOnlyForDeploymentPostprocessing = 0;
		};
/* End PBXSourcesBuildPhase section */

/* Begin XCBuildConfiguration section */
		D15DD17B2D717E6C0095C4A2 /* Debug */ = {
			isa = XCBuildConfiguration;
			buildSettings = {
				ASSETCATALOG_COMPILER_APPICON_NAME = AppIcon;
				ASSETCATALOG_COMPILER_GLOBAL_ACCENT_COLOR_NAME = AccentColor;
				CODE_SIGN_STYLE = Automatic;
				CURRENT_PROJECT_VERSION = 1;
				DEVELOPMENT_TEAM = 5664C7G97A;
				GENERATE_INFOPLIST_FILE = YES;
				INFOPLIST_FILE = EST_MovieGallery/Info.plist;
				INFOPLIST_KEY_UIApplicationSupportsIndirectInputEvents = YES;
				INFOPLIST_KEY_UILaunchStoryboardName = LaunchScreen;
				INFOPLIST_KEY_UISupportedInterfaceOrientations_iPad = "UIInterfaceOrientationPortrait UIInterfaceOrientationPortraitUpsideDown UIInterfaceOrientationLandscapeLeft UIInterfaceOrientationLandscapeRight";
				INFOPLIST_KEY_UISupportedInterfaceOrientations_iPhone = "UIInterfaceOrientationPortrait UIInterfaceOrientationLandscapeLeft UIInterfaceOrientationLandscapeRight";
				LD_RUNPATH_SEARCH_PATHS = (
					"$(inherited)",
					"@executable_path/Frameworks",
				);
				MARKETING_VERSION = 1.0;
				PRODUCT_BUNDLE_IDENTIFIER = "ash-amad.EST-MovieGallery";
				PRODUCT_NAME = "$(TARGET_NAME)";
				SWIFT_EMIT_LOC_STRINGS = YES;
				SWIFT_VERSION = 5.0;
				TARGETED_DEVICE_FAMILY = "1,2";
			};
			name = Debug;
		};
		D15DD17C2D717E6C0095C4A2 /* Release */ = {
			isa = XCBuildConfiguration;
			buildSettings = {
				ASSETCATALOG_COMPILER_APPICON_NAME = AppIcon;
				ASSETCATALOG_COMPILER_GLOBAL_ACCENT_COLOR_NAME = AccentColor;
				CODE_SIGN_STYLE = Automatic;
				CURRENT_PROJECT_VERSION = 1;
				DEVELOPMENT_TEAM = 5664C7G97A;
				GENERATE_INFOPLIST_FILE = YES;
				INFOPLIST_FILE = EST_MovieGallery/Info.plist;
				INFOPLIST_KEY_UIApplicationSupportsIndirectInputEvents = YES;
				INFOPLIST_KEY_UILaunchStoryboardName = LaunchScreen;
				INFOPLIST_KEY_UISupportedInterfaceOrientations_iPad = "UIInterfaceOrientationPortrait UIInterfaceOrientationPortraitUpsideDown UIInterfaceOrientationLandscapeLeft UIInterfaceOrientationLandscapeRight";
				INFOPLIST_KEY_UISupportedInterfaceOrientations_iPhone = "UIInterfaceOrientationPortrait UIInterfaceOrientationLandscapeLeft UIInterfaceOrientationLandscapeRight";
				LD_RUNPATH_SEARCH_PATHS = (
					"$(inherited)",
					"@executable_path/Frameworks",
				);
				MARKETING_VERSION = 1.0;
				PRODUCT_BUNDLE_IDENTIFIER = "ash-amad.EST-MovieGallery";
				PRODUCT_NAME = "$(TARGET_NAME)";
				SWIFT_EMIT_LOC_STRINGS = YES;
				SWIFT_VERSION = 5.0;
				TARGETED_DEVICE_FAMILY = "1,2";
			};
			name = Release;
		};
		D15DD17D2D717E6C0095C4A2 /* Debug */ = {
			isa = XCBuildConfiguration;
			buildSettings = {
				ALWAYS_SEARCH_USER_PATHS = NO;
				ASSETCATALOG_COMPILER_GENERATE_SWIFT_ASSET_SYMBOL_EXTENSIONS = YES;
				CLANG_ANALYZER_NONNULL = YES;
				CLANG_ANALYZER_NUMBER_OBJECT_CONVERSION = YES_AGGRESSIVE;
				CLANG_CXX_LANGUAGE_STANDARD = "gnu++20";
				CLANG_ENABLE_MODULES = YES;
				CLANG_ENABLE_OBJC_ARC = YES;
				CLANG_ENABLE_OBJC_WEAK = YES;
				CLANG_WARN_BLOCK_CAPTURE_AUTORELEASING = YES;
				CLANG_WARN_BOOL_CONVERSION = YES;
				CLANG_WARN_COMMA = YES;
				CLANG_WARN_CONSTANT_CONVERSION = YES;
				CLANG_WARN_DEPRECATED_OBJC_IMPLEMENTATIONS = YES;
				CLANG_WARN_DIRECT_OBJC_ISA_USAGE = YES_ERROR;
				CLANG_WARN_DOCUMENTATION_COMMENTS = YES;
				CLANG_WARN_EMPTY_BODY = YES;
				CLANG_WARN_ENUM_CONVERSION = YES;
				CLANG_WARN_INFINITE_RECURSION = YES;
				CLANG_WARN_INT_CONVERSION = YES;
				CLANG_WARN_NON_LITERAL_NULL_CONVERSION = YES;
				CLANG_WARN_OBJC_IMPLICIT_RETAIN_SELF = YES;
				CLANG_WARN_OBJC_LITERAL_CONVERSION = YES;
				CLANG_WARN_OBJC_ROOT_CLASS = YES_ERROR;
				CLANG_WARN_QUOTED_INCLUDE_IN_FRAMEWORK_HEADER = YES;
				CLANG_WARN_RANGE_LOOP_ANALYSIS = YES;
				CLANG_WARN_STRICT_PROTOTYPES = YES;
				CLANG_WARN_SUSPICIOUS_MOVE = YES;
				CLANG_WARN_UNGUARDED_AVAILABILITY = YES_AGGRESSIVE;
				CLANG_WARN_UNREACHABLE_CODE = YES;
				CLANG_WARN__DUPLICATE_METHOD_MATCH = YES;
				COPY_PHASE_STRIP = NO;
				DEBUG_INFORMATION_FORMAT = dwarf;
				ENABLE_STRICT_OBJC_MSGSEND = YES;
				ENABLE_TESTABILITY = YES;
				ENABLE_USER_SCRIPT_SANDBOXING = YES;
				GCC_C_LANGUAGE_STANDARD = gnu17;
				GCC_DYNAMIC_NO_PIC = NO;
				GCC_NO_COMMON_BLOCKS = YES;
				GCC_OPTIMIZATION_LEVEL = 0;
				GCC_PREPROCESSOR_DEFINITIONS = (
					"DEBUG=1",
					"$(inherited)",
				);
				GCC_WARN_64_TO_32_BIT_CONVERSION = YES;
				GCC_WARN_ABOUT_RETURN_TYPE = YES_ERROR;
				GCC_WARN_UNDECLARED_SELECTOR = YES;
				GCC_WARN_UNINITIALIZED_AUTOS = YES_AGGRESSIVE;
				GCC_WARN_UNUSED_FUNCTION = YES;
				GCC_WARN_UNUSED_VARIABLE = YES;
				IPHONEOS_DEPLOYMENT_TARGET = 18.2;
				LOCALIZATION_PREFERS_STRING_CATALOGS = YES;
				MTL_ENABLE_DEBUG_INFO = INCLUDE_SOURCE;
				MTL_FAST_MATH = YES;
				ONLY_ACTIVE_ARCH = YES;
				SDKROOT = iphoneos;
				SWIFT_ACTIVE_COMPILATION_CONDITIONS = "DEBUG $(inherited)";
				SWIFT_OPTIMIZATION_LEVEL = "-Onone";
			};
			name = Debug;
		};
		D15DD17E2D717E6C0095C4A2 /* Release */ = {
			isa = XCBuildConfiguration;
			buildSettings = {
				ALWAYS_SEARCH_USER_PATHS = NO;
				ASSETCATALOG_COMPILER_GENERATE_SWIFT_ASSET_SYMBOL_EXTENSIONS = YES;
				CLANG_ANALYZER_NONNULL = YES;
				CLANG_ANALYZER_NUMBER_OBJECT_CONVERSION = YES_AGGRESSIVE;
				CLANG_CXX_LANGUAGE_STANDARD = "gnu++20";
				CLANG_ENABLE_MODULES = YES;
				CLANG_ENABLE_OBJC_ARC = YES;
				CLANG_ENABLE_OBJC_WEAK = YES;
				CLANG_WARN_BLOCK_CAPTURE_AUTORELEASING = YES;
				CLANG_WARN_BOOL_CONVERSION = YES;
				CLANG_WARN_COMMA = YES;
				CLANG_WARN_CONSTANT_CONVERSION = YES;
				CLANG_WARN_DEPRECATED_OBJC_IMPLEMENTATIONS = YES;
				CLANG_WARN_DIRECT_OBJC_ISA_USAGE = YES_ERROR;
				CLANG_WARN_DOCUMENTATION_COMMENTS = YES;
				CLANG_WARN_EMPTY_BODY = YES;
				CLANG_WARN_ENUM_CONVERSION = YES;
				CLANG_WARN_INFINITE_RECURSION = YES;
				CLANG_WARN_INT_CONVERSION = YES;
				CLANG_WARN_NON_LITERAL_NULL_CONVERSION = YES;
				CLANG_WARN_OBJC_IMPLICIT_RETAIN_SELF = YES;
				CLANG_WARN_OBJC_LITERAL_CONVERSION = YES;
				CLANG_WARN_OBJC_ROOT_CLASS = YES_ERROR;
				CLANG_WARN_QUOTED_INCLUDE_IN_FRAMEWORK_HEADER = YES;
				CLANG_WARN_RANGE_LOOP_ANALYSIS = YES;
				CLANG_WARN_STRICT_PROTOTYPES = YES;
				CLANG_WARN_SUSPICIOUS_MOVE = YES;
				CLANG_WARN_UNGUARDED_AVAILABILITY = YES_AGGRESSIVE;
				CLANG_WARN_UNREACHABLE_CODE = YES;
				CLANG_WARN__DUPLICATE_METHOD_MATCH = YES;
				COPY_PHASE_STRIP = NO;
				DEBUG_INFORMATION_FORMAT = "dwarf-with-dsym";
				ENABLE_NS_ASSERTIONS = NO;
				ENABLE_STRICT_OBJC_MSGSEND = YES;
				ENABLE_USER_SCRIPT_SANDBOXING = YES;
				GCC_C_LANGUAGE_STANDARD = gnu17;
				GCC_NO_COMMON_BLOCKS = YES;
				GCC_WARN_64_TO_32_BIT_CONVERSION = YES;
				GCC_WARN_ABOUT_RETURN_TYPE = YES_ERROR;
				GCC_WARN_UNDECLARED_SELECTOR = YES;
				GCC_WARN_UNINITIALIZED_AUTOS = YES_AGGRESSIVE;
				GCC_WARN_UNUSED_FUNCTION = YES;
				GCC_WARN_UNUSED_VARIABLE = YES;
				IPHONEOS_DEPLOYMENT_TARGET = 18.2;
				LOCALIZATION_PREFERS_STRING_CATALOGS = YES;
				MTL_ENABLE_DEBUG_INFO = NO;
				MTL_FAST_MATH = YES;
				SDKROOT = iphoneos;
				SWIFT_COMPILATION_MODE = wholemodule;
				VALIDATE_PRODUCT = YES;
			};
			name = Release;
		};
/* End XCBuildConfiguration section */

/* Begin XCConfigurationList section */
		D15DD1622D717E6B0095C4A2 /* Build configuration list for PBXProject "EST_MovieGallery" */ = {
			isa = XCConfigurationList;
			buildConfigurations = (
				D15DD17D2D717E6C0095C4A2 /* Debug */,
				D15DD17E2D717E6C0095C4A2 /* Release */,
			);
			defaultConfigurationIsVisible = 0;
			defaultConfigurationName = Release;
		};
		D15DD17A2D717E6C0095C4A2 /* Build configuration list for PBXNativeTarget "EST_MovieGallery" */ = {
			isa = XCConfigurationList;
			buildConfigurations = (
				D15DD17B2D717E6C0095C4A2 /* Debug */,
				D15DD17C2D717E6C0095C4A2 /* Release */,
			);
			defaultConfigurationIsVisible = 0;
			defaultConfigurationName = Release;
		};
/* End XCConfigurationList section */

/* Begin XCRemoteSwiftPackageReference section */
		D15DD1862D7181100095C4A2 /* XCRemoteSwiftPackageReference "SnapKit" */ = {
			isa = XCRemoteSwiftPackageReference;
			repositoryURL = "https://github.com/SnapKit/SnapKit";
			requirement = {
				kind = upToNextMajorVersion;
				minimumVersion = 5.7.1;
			};
		};
		D15DD18B2D7181410095C4A2 /* XCRemoteSwiftPackageReference "Moya" */ = {
			isa = XCRemoteSwiftPackageReference;
			repositoryURL = "https://github.com/Moya/Moya.git";
			requirement = {
				kind = upToNextMajorVersion;
				minimumVersion = 15.0.3;
			};
		};
		D15DD1942D7181620095C4A2 /* XCRemoteSwiftPackageReference "Kingfisher" */ = {
			isa = XCRemoteSwiftPackageReference;
			repositoryURL = "https://github.com/onevcat/Kingfisher";
			requirement = {
				kind = upToNextMajorVersion;
				minimumVersion = 8.2.0;
			};
		};
/* End XCRemoteSwiftPackageReference section */

/* Begin XCSwiftPackageProductDependency section */
		D15DD1872D7181100095C4A2 /* SnapKit */ = {
			isa = XCSwiftPackageProductDependency;
			package = D15DD1862D7181100095C4A2 /* XCRemoteSwiftPackageReference "SnapKit" */;
			productName = SnapKit;
		};
		D15DD1892D7181100095C4A2 /* SnapKit-Dynamic */ = {
			isa = XCSwiftPackageProductDependency;
			package = D15DD1862D7181100095C4A2 /* XCRemoteSwiftPackageReference "SnapKit" */;
			productName = "SnapKit-Dynamic";
		};
		D15DD18C2D7181410095C4A2 /* CombineMoya */ = {
			isa = XCSwiftPackageProductDependency;
			package = D15DD18B2D7181410095C4A2 /* XCRemoteSwiftPackageReference "Moya" */;
			productName = CombineMoya;
		};
		D15DD18E2D7181410095C4A2 /* Moya */ = {
			isa = XCSwiftPackageProductDependency;
			package = D15DD18B2D7181410095C4A2 /* XCRemoteSwiftPackageReference "Moya" */;
			productName = Moya;
		};
		D15DD1902D7181410095C4A2 /* ReactiveMoya */ = {
			isa = XCSwiftPackageProductDependency;
			package = D15DD18B2D7181410095C4A2 /* XCRemoteSwiftPackageReference "Moya" */;
			productName = ReactiveMoya;
		};
		D15DD1922D7181410095C4A2 /* RxMoya */ = {
			isa = XCSwiftPackageProductDependency;
			package = D15DD18B2D7181410095C4A2 /* XCRemoteSwiftPackageReference "Moya" */;
			productName = RxMoya;
		};
		D15DD1952D7181620095C4A2 /* Kingfisher */ = {
			isa = XCSwiftPackageProductDependency;
			package = D15DD1942D7181620095C4A2 /* XCRemoteSwiftPackageReference "Kingfisher" */;
			productName = Kingfisher;
		};
/* End XCSwiftPackageProductDependency section */
	};
	rootObject = D15DD15F2D717E6B0095C4A2 /* Project object */;
}
